
Microsoft Visual Studio Solution File, Format Version 12.00
# Visual Studio 15
VisualStudioVersion = 15.0.28307.329
MinimumVisualStudioVersion = 10.0.40219.1
Project("{8BC9CEB8-8B4A-11D0-8D11-00A0C91BC942}") = "7-1 最大子列和问题", "最大子列和问题\最大子列和问题.vcxproj", "{09DA052D-AEE3-4D64-8B7B-766BBCE3923F}"
EndProject
Project("{8BC9CEB8-8B4A-11D0-8D11-00A0C91BC942}") = "7-2 一元多项式的乘法与加法运算", "7-2 一元多项式的乘法与加法运算\7-2 一元多项式的乘法与加法运算.vcxproj", "{EB73A2BA-291F-4ACF-BD9C-141196396859}"
EndProject
Project("{8BC9CEB8-8B4A-11D0-8D11-00A0C91BC942}") = "7-3 树的同构", "7-3 树的同构\7-3 树的同构.vcxproj", "{2316B416-309E-479B-90BE-30DD0D1F22A9}"
EndProject
Project("{2150E333-8FDC-42A3-9474-1A3956D46DE8}") = "Solution Items", "Solution Items", "{CEFF257B-54AE-47FF-957C-E9B99048936D}"
	ProjectSection(SolutionItems) = preProject
		README.md = README.md
	EndProjectSection
EndProject
Global
	GlobalSection(SolutionConfigurationPlatforms) = preSolution
		Debug|x64 = Debug|x64
		Debug|x86 = Debug|x86
		Release|x64 = Release|x64
		Release|x86 = Release|x86
	EndGlobalSection
	GlobalSection(ProjectConfigurationPlatforms) = postSolution
		{09DA052D-AEE3-4D64-8B7B-766BBCE3923F}.Debug|x64.ActiveCfg = Debug|x64
		{09DA052D-AEE3-4D64-8B7B-766BBCE3923F}.Debug|x64.Build.0 = Debug|x64
		{09DA052D-AEE3-4D64-8B7B-766BBCE3923F}.Debug|x86.ActiveCfg = Debug|Win32
		{09DA052D-AEE3-4D64-8B7B-766BBCE3923F}.Debug|x86.Build.0 = Debug|Win32
		{09DA052D-AEE3-4D64-8B7B-766BBCE3923F}.Release|x64.ActiveCfg = Release|x64
		{09DA052D-AEE3-4D64-8B7B-766BBCE3923F}.Release|x64.Build.0 = Release|x64
		{09DA052D-AEE3-4D64-8B7B-766BBCE3923F}.Release|x86.ActiveCfg = Release|Win32
		{09DA052D-AEE3-4D64-8B7B-766BBCE3923F}.Release|x86.Build.0 = Release|Win32
		{EB73A2BA-291F-4ACF-BD9C-141196396859}.Debug|x64.ActiveCfg = Debug|x64
		{EB73A2BA-291F-4ACF-BD9C-141196396859}.Debug|x64.Build.0 = Debug|x64
		{EB73A2BA-291F-4ACF-BD9C-141196396859}.Debug|x86.ActiveCfg = Debug|Win32
		{EB73A2BA-291F-4ACF-BD9C-141196396859}.Debug|x86.Build.0 = Debug|Win32
		{EB73A2BA-291F-4ACF-BD9C-141196396859}.Release|x64.ActiveCfg = Release|x64
		{EB73A2BA-291F-4ACF-BD9C-141196396859}.Release|x64.Build.0 = Release|x64
		{EB73A2BA-291F-4ACF-BD9C-141196396859}.Release|x86.ActiveCfg = Release|Win32
		{EB73A2BA-291F-4ACF-BD9C-141196396859}.Release|x86.Build.0 = Release|Win32
		{2316B416-309E-479B-90BE-30DD0D1F22A9}.Debug|x64.ActiveCfg = Debug|x64
		{2316B416-309E-479B-90BE-30DD0D1F22A9}.Debug|x64.Build.0 = Debug|x64
		{2316B416-309E-479B-90BE-30DD0D1F22A9}.Debug|x86.ActiveCfg = Debug|Win32
		{2316B416-309E-479B-90BE-30DD0D1F22A9}.Debug|x86.Build.0 = Debug|Win32
		{2316B416-309E-479B-90BE-30DD0D1F22A9}.Release|x64.ActiveCfg = Release|x64
		{2316B416-309E-479B-90BE-30DD0D1F22A9}.Release|x64.Build.0 = Release|x64
		{2316B416-309E-479B-90BE-30DD0D1F22A9}.Release|x86.ActiveCfg = Release|Win32
		{2316B416-309E-479B-90BE-30DD0D1F22A9}.Release|x86.Build.0 = Release|Win32
	EndGlobalSection
	GlobalSection(SolutionProperties) = preSolution
		HideSolutionNode = FALSE
	EndGlobalSection
	GlobalSection(ExtensibilityGlobals) = postSolution
		SolutionGuid = {1D724BFB-1B94-499B-844B-F22AC8F40F94}
	EndGlobalSection
EndGlobal
